
Microsoft Visual Studio Solution File, Format Version 12.00
# Visual Studio Version 17
VisualStudioVersion = 17.3.32901.215
MinimumVisualStudioVersion = 10.0.40219.1
Project("{FAE04EC0-301F-11D3-BF4B-00C04F79EFBC}") = "App.Endpoints.API", "App.Endpoints.API\App.Endpoints.API.csproj", "{73157524-7390-4214-8EAC-5A8763CC6DCC}"
EndProject
Project("{2150E333-8FDC-42A3-9474-1A3956D46DE8}") = "01-Domain", "01-Domain", "{32986491-AA06-4430-83EE-CD791A6AD029}"
EndProject
Project("{2150E333-8FDC-42A3-9474-1A3956D46DE8}") = "src", "src", "{2C081290-048C-4768-A66D-AAB86BE2E432}"
EndProject
Project("{2150E333-8FDC-42A3-9474-1A3956D46DE8}") = "02-Contracts", "02-Contracts", "{C6714631-CC97-4939-9122-10EE37415441}"
EndProject
Project("{2150E333-8FDC-42A3-9474-1A3956D46DE8}") = "03-Infrastructure", "03-Infrastructure", "{40435F05-CFEA-4A59-A794-35CD4B2FC0BC}"
EndProject
Project("{2150E333-8FDC-42A3-9474-1A3956D46DE8}") = "04-Application", "04-Application", "{5CAFC05F-655B-4567-AF3D-DACDBA748378}"
EndProject
Project("{2150E333-8FDC-42A3-9474-1A3956D46DE8}") = "05-Endpoint", "05-Endpoint", "{B9669FF5-5D6C-43EC-A59D-B4A2FA05A3B0}"
EndProject
Project("{FAE04EC0-301F-11D3-BF4B-00C04F79EFBC}") = "App.Services", "App.Services\App.Services.csproj", "{5EE951ED-8148-49E1-BD2F-3A24AE59BF93}"
EndProject
Project("{FAE04EC0-301F-11D3-BF4B-00C04F79EFBC}") = "App.Infrustructure", "App.Infrustructure\App.Infrustructure.csproj", "{786B65FA-B16F-4812-A7A7-FB23FECFDA21}"
EndProject
Project("{FAE04EC0-301F-11D3-BF4B-00C04F79EFBC}") = "App.Contracts", "App.Contracts\App.Contracts.csproj", "{F7C0A5BF-8629-4703-B288-32EA3FED825C}"
EndProject
Global
	GlobalSection(SolutionConfigurationPlatforms) = preSolution
		Debug|Any CPU = Debug|Any CPU
		Release|Any CPU = Release|Any CPU
	EndGlobalSection
	GlobalSection(ProjectConfigurationPlatforms) = postSolution
		{73157524-7390-4214-8EAC-5A8763CC6DCC}.Debug|Any CPU.ActiveCfg = Debug|Any CPU
		{73157524-7390-4214-8EAC-5A8763CC6DCC}.Debug|Any CPU.Build.0 = Debug|Any CPU
		{73157524-7390-4214-8EAC-5A8763CC6DCC}.Release|Any CPU.ActiveCfg = Release|Any CPU
		{73157524-7390-4214-8EAC-5A8763CC6DCC}.Release|Any CPU.Build.0 = Release|Any CPU
		{5EE951ED-8148-49E1-BD2F-3A24AE59BF93}.Debug|Any CPU.ActiveCfg = Debug|Any CPU
		{5EE951ED-8148-49E1-BD2F-3A24AE59BF93}.Debug|Any CPU.Build.0 = Debug|Any CPU
		{5EE951ED-8148-49E1-BD2F-3A24AE59BF93}.Release|Any CPU.ActiveCfg = Release|Any CPU
		{5EE951ED-8148-49E1-BD2F-3A24AE59BF93}.Release|Any CPU.Build.0 = Release|Any CPU
		{786B65FA-B16F-4812-A7A7-FB23FECFDA21}.Debug|Any CPU.ActiveCfg = Debug|Any CPU
		{786B65FA-B16F-4812-A7A7-FB23FECFDA21}.Debug|Any CPU.Build.0 = Debug|Any CPU
		{786B65FA-B16F-4812-A7A7-FB23FECFDA21}.Release|Any CPU.ActiveCfg = Release|Any CPU
		{786B65FA-B16F-4812-A7A7-FB23FECFDA21}.Release|Any CPU.Build.0 = Release|Any CPU
		{F7C0A5BF-8629-4703-B288-32EA3FED825C}.Debug|Any CPU.ActiveCfg = Debug|Any CPU
		{F7C0A5BF-8629-4703-B288-32EA3FED825C}.Debug|Any CPU.Build.0 = Debug|Any CPU
		{F7C0A5BF-8629-4703-B288-32EA3FED825C}.Release|Any CPU.ActiveCfg = Release|Any CPU
		{F7C0A5BF-8629-4703-B288-32EA3FED825C}.Release|Any CPU.Build.0 = Release|Any CPU
	EndGlobalSection
	GlobalSection(SolutionProperties) = preSolution
		HideSolutionNode = FALSE
	EndGlobalSection
	GlobalSection(NestedProjects) = preSolution
		{73157524-7390-4214-8EAC-5A8763CC6DCC} = {B9669FF5-5D6C-43EC-A59D-B4A2FA05A3B0}
		{32986491-AA06-4430-83EE-CD791A6AD029} = {2C081290-048C-4768-A66D-AAB86BE2E432}
		{C6714631-CC97-4939-9122-10EE37415441} = {2C081290-048C-4768-A66D-AAB86BE2E432}
		{40435F05-CFEA-4A59-A794-35CD4B2FC0BC} = {2C081290-048C-4768-A66D-AAB86BE2E432}
		{5CAFC05F-655B-4567-AF3D-DACDBA748378} = {2C081290-048C-4768-A66D-AAB86BE2E432}
		{B9669FF5-5D6C-43EC-A59D-B4A2FA05A3B0} = {2C081290-048C-4768-A66D-AAB86BE2E432}
		{5EE951ED-8148-49E1-BD2F-3A24AE59BF93} = {5CAFC05F-655B-4567-AF3D-DACDBA748378}
		{786B65FA-B16F-4812-A7A7-FB23FECFDA21} = {40435F05-CFEA-4A59-A794-35CD4B2FC0BC}
		{F7C0A5BF-8629-4703-B288-32EA3FED825C} = {C6714631-CC97-4939-9122-10EE37415441}
	EndGlobalSection
	GlobalSection(ExtensibilityGlobals) = postSolution
		SolutionGuid = {FC0EEDD7-0867-4A7C-88B0-05A99BE6E57F}
	EndGlobalSection
EndGlobal
